
Microsoft Visual Studio Solution File, Format Version 12.00
# Visual Studio 15
VisualStudioVersion = 15.0.27703.2042
MinimumVisualStudioVersion = 10.0.40219.1
Project("{9A19103F-16F7-4668-BE54-9A1E7A4F7556}") = "BotEventManagement.Api", "BotEventTemplate.Api\BotEventManagement.Api.csproj", "{9F2A82E6-0E9E-4843-BF7C-28ECEB2BAFA4}"
EndProject
Project("{9A19103F-16F7-4668-BE54-9A1E7A4F7556}") = "BotEventManagement.Services", "BotEventManagement.Services\BotEventManagement.Services.csproj", "{3560DD09-D7D1-4345-AFA1-B24B070B7261}"
EndProject
Project("{E53339B2-1760-4266-BCC7-CA923CBCF16C}") = "docker-compose", "docker-compose.dcproj", "{62E1597B-F2BC-4B32-9B89-88DB0E2BED14}"
EndProject
Global
	GlobalSection(SolutionConfigurationPlatforms) = preSolution
		Debug|Any CPU = Debug|Any CPU
		Release|Any CPU = Release|Any CPU
	EndGlobalSection
	GlobalSection(ProjectConfigurationPlatforms) = postSolution
		{9F2A82E6-0E9E-4843-BF7C-28ECEB2BAFA4}.Debug|Any CPU.ActiveCfg = Debug|Any CPU
		{9F2A82E6-0E9E-4843-BF7C-28ECEB2BAFA4}.Debug|Any CPU.Build.0 = Debug|Any CPU
		{9F2A82E6-0E9E-4843-BF7C-28ECEB2BAFA4}.Release|Any CPU.ActiveCfg = Release|Any CPU
		{9F2A82E6-0E9E-4843-BF7C-28ECEB2BAFA4}.Release|Any CPU.Build.0 = Release|Any CPU
		{3560DD09-D7D1-4345-AFA1-B24B070B7261}.Debug|Any CPU.ActiveCfg = Debug|Any CPU
		{3560DD09-D7D1-4345-AFA1-B24B070B7261}.Debug|Any CPU.Build.0 = Debug|Any CPU
		{3560DD09-D7D1-4345-AFA1-B24B070B7261}.Release|Any CPU.ActiveCfg = Release|Any CPU
		{3560DD09-D7D1-4345-AFA1-B24B070B7261}.Release|Any CPU.Build.0 = Release|Any CPU
		{62E1597B-F2BC-4B32-9B89-88DB0E2BED14}.Debug|Any CPU.ActiveCfg = Debug|Any CPU
		{62E1597B-F2BC-4B32-9B89-88DB0E2BED14}.Debug|Any CPU.Build.0 = Debug|Any CPU
		{62E1597B-F2BC-4B32-9B89-88DB0E2BED14}.Release|Any CPU.ActiveCfg = Release|Any CPU
		{62E1597B-F2BC-4B32-9B89-88DB0E2BED14}.Release|Any CPU.Build.0 = Release|Any CPU
	EndGlobalSection
	GlobalSection(SolutionProperties) = preSolution
		HideSolutionNode = FALSE
	EndGlobalSection
	GlobalSection(ExtensibilityGlobals) = postSolution
		SolutionGuid = {3C0593AA-3F3A-498E-B46B-F375BF104CC8}
	EndGlobalSection
EndGlobal
